
Microsoft Visual Studio Solution File, Format Version 12.00
# Visual Studio Version 17
VisualStudioVersion = 17.1.32210.238
MinimumVisualStudioVersion = 10.0.40219.1
Project("{9A19103F-16F7-4668-BE54-9A1E7A4F7556}") = "MilliKutuphaneApi", "MilliKutuphaneApi\MilliKutuphaneApi.csproj", "{2E6F29EA-3BF0-4C58-9EAF-5412CF2568D4}"
EndProject
Project("{9A19103F-16F7-4668-BE54-9A1E7A4F7556}") = "MilliKutuphaneEntities", "MilliKutuphaneEntities\MilliKutuphaneEntities.csproj", "{0B302275-263C-41CC-8607-155E8659ECE0}"
EndProject
Project("{9A19103F-16F7-4668-BE54-9A1E7A4F7556}") = "MilliKutuphaneBusiness", "MilliKutuphaneBusiness\MilliKutuphaneBusiness.csproj", "{1EA7C727-B5B7-43C1-AE33-36B4B764FD07}"
EndProject
Project("{9A19103F-16F7-4668-BE54-9A1E7A4F7556}") = "MilliKutuphaneDataAccess", "MilliKutuphaneDataAccess\MilliKutuphaneDataAccess.csproj", "{0D54A8A7-2E06-4110-8D6C-553E13177759}"
EndProject
Project("{FAE04EC0-301F-11D3-BF4B-00C04F79EFBC}") = "MilliKutuphaneCore", "MilliKutuphaneCore\MilliKutuphaneCore.csproj", "{3E3AFA3D-EF9C-486B-99E1-630059C4356F}"
EndProject
Global
	GlobalSection(SolutionConfigurationPlatforms) = preSolution
		Debug|Any CPU = Debug|Any CPU
		Release|Any CPU = Release|Any CPU
	EndGlobalSection
	GlobalSection(ProjectConfigurationPlatforms) = postSolution
		{2E6F29EA-3BF0-4C58-9EAF-5412CF2568D4}.Debug|Any CPU.ActiveCfg = Debug|Any CPU
		{2E6F29EA-3BF0-4C58-9EAF-5412CF2568D4}.Debug|Any CPU.Build.0 = Debug|Any CPU
		{2E6F29EA-3BF0-4C58-9EAF-5412CF2568D4}.Release|Any CPU.ActiveCfg = Release|Any CPU
		{2E6F29EA-3BF0-4C58-9EAF-5412CF2568D4}.Release|Any CPU.Build.0 = Release|Any CPU
		{0B302275-263C-41CC-8607-155E8659ECE0}.Debug|Any CPU.ActiveCfg = Debug|Any CPU
		{0B302275-263C-41CC-8607-155E8659ECE0}.Debug|Any CPU.Build.0 = Debug|Any CPU
		{0B302275-263C-41CC-8607-155E8659ECE0}.Release|Any CPU.ActiveCfg = Release|Any CPU
		{0B302275-263C-41CC-8607-155E8659ECE0}.Release|Any CPU.Build.0 = Release|Any CPU
		{1EA7C727-B5B7-43C1-AE33-36B4B764FD07}.Debug|Any CPU.ActiveCfg = Debug|Any CPU
		{1EA7C727-B5B7-43C1-AE33-36B4B764FD07}.Debug|Any CPU.Build.0 = Debug|Any CPU
		{1EA7C727-B5B7-43C1-AE33-36B4B764FD07}.Release|Any CPU.ActiveCfg = Release|Any CPU
		{1EA7C727-B5B7-43C1-AE33-36B4B764FD07}.Release|Any CPU.Build.0 = Release|Any CPU
		{0D54A8A7-2E06-4110-8D6C-553E13177759}.Debug|Any CPU.ActiveCfg = Debug|Any CPU
		{0D54A8A7-2E06-4110-8D6C-553E13177759}.Debug|Any CPU.Build.0 = Debug|Any CPU
		{0D54A8A7-2E06-4110-8D6C-553E13177759}.Release|Any CPU.ActiveCfg = Release|Any CPU
		{0D54A8A7-2E06-4110-8D6C-553E13177759}.Release|Any CPU.Build.0 = Release|Any CPU
		{3E3AFA3D-EF9C-486B-99E1-630059C4356F}.Debug|Any CPU.ActiveCfg = Debug|Any CPU
		{3E3AFA3D-EF9C-486B-99E1-630059C4356F}.Debug|Any CPU.Build.0 = Debug|Any CPU
		{3E3AFA3D-EF9C-486B-99E1-630059C4356F}.Release|Any CPU.ActiveCfg = Release|Any CPU
		{3E3AFA3D-EF9C-486B-99E1-630059C4356F}.Release|Any CPU.Build.0 = Release|Any CPU
	EndGlobalSection
	GlobalSection(SolutionProperties) = preSolution
		HideSolutionNode = FALSE
	EndGlobalSection
	GlobalSection(ExtensibilityGlobals) = postSolution
		SolutionGuid = {A7641AEB-E969-47AA-B029-44AA1DE05942}
	EndGlobalSection
EndGlobal
